
Microsoft Visual Studio Solution File, Format Version 12.00
# Visual Studio Version 16
VisualStudioVersion = 16.0.31005.135
MinimumVisualStudioVersion = 10.0.40219.1
Project("{FAE04EC0-301F-11D3-BF4B-00C04F79EFBC}") = "SeriLogger", "SeriLogger\SeriLogger.csproj", "{CDF6C962-04B6-4B96-A33F-1B720393FD56}"
EndProject
Project("{FAE04EC0-301F-11D3-BF4B-00C04F79EFBC}") = "Logger", "Logger\Logger.csproj", "{293C5406-128C-4720-8AF4-5A656AF20F15}"
EndProject
Global
	GlobalSection(SolutionConfigurationPlatforms) = preSolution
		Debug|Any CPU = Debug|Any CPU
		Release|Any CPU = Release|Any CPU
	EndGlobalSection
	GlobalSection(ProjectConfigurationPlatforms) = postSolution
		{CDF6C962-04B6-4B96-A33F-1B720393FD56}.Debug|Any CPU.ActiveCfg = Debug|Any CPU
		{CDF6C962-04B6-4B96-A33F-1B720393FD56}.Debug|Any CPU.Build.0 = Debug|Any CPU
		{CDF6C962-04B6-4B96-A33F-1B720393FD56}.Release|Any CPU.ActiveCfg = Release|Any CPU
		{CDF6C962-04B6-4B96-A33F-1B720393FD56}.Release|Any CPU.Build.0 = Release|Any CPU
		{293C5406-128C-4720-8AF4-5A656AF20F15}.Debug|Any CPU.ActiveCfg = Debug|Any CPU
		{293C5406-128C-4720-8AF4-5A656AF20F15}.Debug|Any CPU.Build.0 = Debug|Any CPU
		{293C5406-128C-4720-8AF4-5A656AF20F15}.Release|Any CPU.ActiveCfg = Release|Any CPU
		{293C5406-128C-4720-8AF4-5A656AF20F15}.Release|Any CPU.Build.0 = Release|Any CPU
	EndGlobalSection
	GlobalSection(SolutionProperties) = preSolution
		HideSolutionNode = FALSE
	EndGlobalSection
	GlobalSection(ExtensibilityGlobals) = postSolution
		SolutionGuid = {21647D64-7C2C-4843-938B-D6E05CAF1C7B}
	EndGlobalSection
EndGlobal
